
Microsoft Visual Studio Solution File, Format Version 11.00
# Visual Studio 2010
Project("{FAE04EC0-301F-11D3-BF4B-00C04F79EFBC}") = "C3DBarCalculator", "C3DBarCalculator\C3DBarCalculator.csproj", "{FD6B0766-4FB4-4E43-B37B-441D9413E15C}"
EndProject
Global
	GlobalSection(SolutionConfigurationPlatforms) = preSolution
		Debug|x86 = Debug|x86
		Release|x86 = Release|x86
	EndGlobalSection
	GlobalSection(ProjectConfigurationPlatforms) = postSolution
		{FD6B0766-4FB4-4E43-B37B-441D9413E15C}.Debug|x86.ActiveCfg = Debug|x86
		{FD6B0766-4FB4-4E43-B37B-441D9413E15C}.Debug|x86.Build.0 = Debug|x86
		{FD6B0766-4FB4-4E43-B37B-441D9413E15C}.Release|x86.ActiveCfg = Release|x86
		{FD6B0766-4FB4-4E43-B37B-441D9413E15C}.Release|x86.Build.0 = Release|x86
	EndGlobalSection
	GlobalSection(SolutionProperties) = preSolution
		HideSolutionNode = FALSE
	EndGlobalSection
EndGlobal
